
Microsoft Visual Studio Solution File, Format Version 12.00
# Visual Studio Version 17
VisualStudioVersion = 17.14.36221.1
MinimumVisualStudioVersion = 10.0.40219.1
Project("{FAE04EC0-301F-11D3-BF4B-00C04F79EFBC}") = "MojPrijevoz.WebApi", "MojPrijevoz.WebApi\MojPrijevoz.WebApi.csproj", "{11692ED3-0DF4-4710-BCA9-628E8F6DEE3F}"
EndProject
Project("{FAE04EC0-301F-11D3-BF4B-00C04F79EFBC}") = "MojPrijevoz.Services", "MojPrijevoz.Services\MojPrijevoz.Services.csproj", "{C0230F36-4977-439B-9118-47DEAD4C4226}"
	ProjectSection(ProjectDependencies) = postProject
		{D4E449B6-F33C-420E-BFDF-50E2FA667241} = {D4E449B6-F33C-420E-BFDF-50E2FA667241}
	EndProjectSection
EndProject
Project("{FAE04EC0-301F-11D3-BF4B-00C04F79EFBC}") = "MojPrijevoz.Model", "MojPrijevoz.Model\MojPrijevoz.Model.csproj", "{63A027F2-98D0-4212-8C55-98CB82B2697C}"
	ProjectSection(ProjectDependencies) = postProject
		{D4E449B6-F33C-420E-BFDF-50E2FA667241} = {D4E449B6-F33C-420E-BFDF-50E2FA667241}
	EndProjectSection
EndProject
Project("{FAE04EC0-301F-11D3-BF4B-00C04F79EFBC}") = "MojPrijevoz.Database", "MojPrijevoz.Database\MojPrijevoz.Database.csproj", "{D4E449B6-F33C-420E-BFDF-50E2FA667241}"
EndProject
Project("{FAE04EC0-301F-11D3-BF4B-00C04F79EFBC}") = "MojPrijevoz.Notifications", "MojPrijevoz.Notifications\MojPrijevoz.Notifications.csproj", "{B4FE742E-3C26-4673-BCE3-D2C4E9A9A4BA}"
EndProject
Project("{FAE04EC0-301F-11D3-BF4B-00C04F79EFBC}") = "MojPrijevoz.Recommender", "MojPrijevoz.Recommender\MojPrijevoz.Recommender.csproj", "{AB145C15-DE9D-422D-B02E-B818C1F12B2A}"
EndProject
Global
	GlobalSection(SolutionConfigurationPlatforms) = preSolution
		Debug|Any CPU = Debug|Any CPU
		Release|Any CPU = Release|Any CPU
	EndGlobalSection
	GlobalSection(ProjectConfigurationPlatforms) = postSolution
		{11692ED3-0DF4-4710-BCA9-628E8F6DEE3F}.Debug|Any CPU.ActiveCfg = Debug|Any CPU
		{11692ED3-0DF4-4710-BCA9-628E8F6DEE3F}.Debug|Any CPU.Build.0 = Debug|Any CPU
		{11692ED3-0DF4-4710-BCA9-628E8F6DEE3F}.Release|Any CPU.ActiveCfg = Release|Any CPU
		{11692ED3-0DF4-4710-BCA9-628E8F6DEE3F}.Release|Any CPU.Build.0 = Release|Any CPU
		{C0230F36-4977-439B-9118-47DEAD4C4226}.Debug|Any CPU.ActiveCfg = Debug|Any CPU
		{C0230F36-4977-439B-9118-47DEAD4C4226}.Debug|Any CPU.Build.0 = Debug|Any CPU
		{C0230F36-4977-439B-9118-47DEAD4C4226}.Release|Any CPU.ActiveCfg = Release|Any CPU
		{C0230F36-4977-439B-9118-47DEAD4C4226}.Release|Any CPU.Build.0 = Release|Any CPU
		{63A027F2-98D0-4212-8C55-98CB82B2697C}.Debug|Any CPU.ActiveCfg = Debug|Any CPU
		{63A027F2-98D0-4212-8C55-98CB82B2697C}.Debug|Any CPU.Build.0 = Debug|Any CPU
		{63A027F2-98D0-4212-8C55-98CB82B2697C}.Release|Any CPU.ActiveCfg = Release|Any CPU
		{63A027F2-98D0-4212-8C55-98CB82B2697C}.Release|Any CPU.Build.0 = Release|Any CPU
		{D4E449B6-F33C-420E-BFDF-50E2FA667241}.Debug|Any CPU.ActiveCfg = Debug|Any CPU
		{D4E449B6-F33C-420E-BFDF-50E2FA667241}.Debug|Any CPU.Build.0 = Debug|Any CPU
		{D4E449B6-F33C-420E-BFDF-50E2FA667241}.Release|Any CPU.ActiveCfg = Release|Any CPU
		{D4E449B6-F33C-420E-BFDF-50E2FA667241}.Release|Any CPU.Build.0 = Release|Any CPU
		{B4FE742E-3C26-4673-BCE3-D2C4E9A9A4BA}.Debug|Any CPU.ActiveCfg = Debug|Any CPU
		{B4FE742E-3C26-4673-BCE3-D2C4E9A9A4BA}.Debug|Any CPU.Build.0 = Debug|Any CPU
		{B4FE742E-3C26-4673-BCE3-D2C4E9A9A4BA}.Release|Any CPU.ActiveCfg = Release|Any CPU
		{B4FE742E-3C26-4673-BCE3-D2C4E9A9A4BA}.Release|Any CPU.Build.0 = Release|Any CPU
		{AB145C15-DE9D-422D-B02E-B818C1F12B2A}.Debug|Any CPU.ActiveCfg = Debug|Any CPU
		{AB145C15-DE9D-422D-B02E-B818C1F12B2A}.Debug|Any CPU.Build.0 = Debug|Any CPU
		{AB145C15-DE9D-422D-B02E-B818C1F12B2A}.Release|Any CPU.ActiveCfg = Release|Any CPU
		{AB145C15-DE9D-422D-B02E-B818C1F12B2A}.Release|Any CPU.Build.0 = Release|Any CPU
	EndGlobalSection
	GlobalSection(SolutionProperties) = preSolution
		HideSolutionNode = FALSE
	EndGlobalSection
	GlobalSection(ExtensibilityGlobals) = postSolution
		SolutionGuid = {6B1AC471-33FD-40B4-B396-424C94F98DEF}
	EndGlobalSection
EndGlobal
